
Microsoft Visual Studio Solution File, Format Version 12.00
# Visual Studio 15
VisualStudioVersion = 15.0.26730.15
MinimumVisualStudioVersion = 10.0.40219.1
Project("{8BC9CEB8-8B4A-11D0-8D11-00A0C91BC942}") = "Text_game", "Text_game\Text_game.vcxproj", "{8238FF0E-07CF-4792-9BAC-2EFEB6D1F8BC}"
EndProject
Global
	GlobalSection(SolutionConfigurationPlatforms) = preSolution
		Debug|x64 = Debug|x64
		Debug|x86 = Debug|x86
		Release|x64 = Release|x64
		Release|x86 = Release|x86
	EndGlobalSection
	GlobalSection(ProjectConfigurationPlatforms) = postSolution
		{8238FF0E-07CF-4792-9BAC-2EFEB6D1F8BC}.Debug|x64.ActiveCfg = Debug|x64
		{8238FF0E-07CF-4792-9BAC-2EFEB6D1F8BC}.Debug|x64.Build.0 = Debug|x64
		{8238FF0E-07CF-4792-9BAC-2EFEB6D1F8BC}.Debug|x86.ActiveCfg = Debug|Win32
		{8238FF0E-07CF-4792-9BAC-2EFEB6D1F8BC}.Debug|x86.Build.0 = Debug|Win32
		{8238FF0E-07CF-4792-9BAC-2EFEB6D1F8BC}.Release|x64.ActiveCfg = Release|x64
		{8238FF0E-07CF-4792-9BAC-2EFEB6D1F8BC}.Release|x64.Build.0 = Release|x64
		{8238FF0E-07CF-4792-9BAC-2EFEB6D1F8BC}.Release|x86.ActiveCfg = Release|Win32
		{8238FF0E-07CF-4792-9BAC-2EFEB6D1F8BC}.Release|x86.Build.0 = Release|Win32
	EndGlobalSection
	GlobalSection(SolutionProperties) = preSolution
		HideSolutionNode = FALSE
	EndGlobalSection
	GlobalSection(ExtensibilityGlobals) = postSolution
		SolutionGuid = {01AD5A99-017C-4235-9549-7C79AF6DCAD1}
	EndGlobalSection
EndGlobal
